lockVersion: 2.0.0
id: 3a58bd08-2c6c-4f53-99c8-2b73bd947847
management:
  docChecksum: 0a12d360ad302f1b31cf3e896bf9a61b
  docVersion: 1.0.0
  speakeasyVersion: 1.563.1
  generationVersion: 2.629.1
  releaseVersion: 0.0.2
  configChecksum: b2ce6fb27cf69bef5876d8563fa4f179
  repoURL: https://github.com/bflad/petstore-mcp-typescript.git
features:
  mcp-typescript:
    additionalDependencies: 0.1.0
    constsAndDefaults: 0.1.0
    core: 0.1.0
    defaultEnabledRetries: 0.1.0
    enumUnions: 0.1.0
    globalSecurity: 0.1.0
    globalSecurityCallbacks: 0.0.0
    globalServerURLs: 0.1.0
    responseFormat: 0.1.0
    retries: 0.1.0
    sdkHooks: 0.1.0
generatedFiles:
  - .gitattributes
  - .npmignore
  - eslint.config.mjs
  - package.json
  - src/core.ts
  - src/funcs/pet_addPet.ts
  - src/funcs/pet_deletePet.ts
  - src/funcs/pet_findPetsByStatus.ts
  - src/funcs/pet_findPetsByTags.ts
  - src/funcs/pet_getPetById.ts
  - src/funcs/pet_updatePet.ts
  - src/funcs/pet_uploadFile.ts
  - src/funcs/store_deleteOrder.ts
  - src/funcs/store_getInventory.ts
  - src/funcs/store_getOrderById.ts
  - src/funcs/store_placeOrder.ts
  - src/funcs/user_createUser.ts
  - src/funcs/user_createUsersWithListInput.ts
  - src/funcs/user_deleteUser.ts
  - src/funcs/user_getUserByName.ts
  - src/funcs/user_loginUser.ts
  - src/funcs/user_logoutUser.ts
  - src/funcs/user_updateUser.ts
  - src/hooks/hooks.ts
  - src/hooks/types.ts
  - src/lib/base64.ts
  - src/lib/config.ts
  - src/lib/encodings.ts
  - src/lib/files.ts
  - src/lib/http.ts
  - src/lib/is-plain-object.ts
  - src/lib/logger.ts
  - src/lib/matchers.ts
  - src/lib/primitives.ts
  - src/lib/result.ts
  - src/lib/retries.ts
  - src/lib/schemas.ts
  - src/lib/sdks.ts
  - src/lib/security.ts
  - src/lib/url.ts
  - src/mcp-server/build.mts
  - src/mcp-server/cli.ts
  - src/mcp-server/cli/start/command.ts
  - src/mcp-server/cli/start/impl.ts
  - src/mcp-server/console-logger.ts
  - src/mcp-server/extensions.ts
  - src/mcp-server/mcp-server.ts
  - src/mcp-server/prompts.ts
  - src/mcp-server/resources.ts
  - src/mcp-server/scopes.ts
  - src/mcp-server/server.ts
  - src/mcp-server/shared.ts
  - src/mcp-server/tools.ts
  - src/mcp-server/tools/pet_addPet.ts
  - src/mcp-server/tools/pet_deletePet.ts
  - src/mcp-server/tools/pet_findPetsByStatus.ts
  - src/mcp-server/tools/pet_findPetsByTags.ts
  - src/mcp-server/tools/pet_getPetById.ts
  - src/mcp-server/tools/pet_updatePet.ts
  - src/mcp-server/tools/pet_uploadFile.ts
  - src/mcp-server/tools/store_deleteOrder.ts
  - src/mcp-server/tools/store_getInventory.ts
  - src/mcp-server/tools/store_getOrderById.ts
  - src/mcp-server/tools/store_placeOrder.ts
  - src/mcp-server/tools/user_createUser.ts
  - src/mcp-server/tools/user_createUsersWithListInput.ts
  - src/mcp-server/tools/user_deleteUser.ts
  - src/mcp-server/tools/user_getUserByName.ts
  - src/mcp-server/tools/user_loginUser.ts
  - src/mcp-server/tools/user_logoutUser.ts
  - src/mcp-server/tools/user_updateUser.ts
  - src/models/components/apierrorinvalidinput.ts
  - src/models/components/apierrornotfound.ts
  - src/models/components/apierrorunauthorized.ts
  - src/models/components/apiresponse.ts
  - src/models/components/category.ts
  - src/models/components/order.ts
  - src/models/components/pet.ts
  - src/models/components/security.ts
  - src/models/components/tag.ts
  - src/models/components/user.ts
  - src/models/errors/apierror.ts
  - src/models/errors/httpclienterrors.ts
  - src/models/errors/sdkvalidationerror.ts
  - src/models/operations/addpet.ts
  - src/models/operations/createuser.ts
  - src/models/operations/createuserswithlistinput.ts
  - src/models/operations/deleteorder.ts
  - src/models/operations/deletepet.ts
  - src/models/operations/deleteuser.ts
  - src/models/operations/findpetsbystatus.ts
  - src/models/operations/findpetsbytags.ts
  - src/models/operations/getinventory.ts
  - src/models/operations/getorderbyid.ts
  - src/models/operations/getpetbyid.ts
  - src/models/operations/getuserbyname.ts
  - src/models/operations/loginuser.ts
  - src/models/operations/logoutuser.ts
  - src/models/operations/placeorder.ts
  - src/models/operations/updatepet.ts
  - src/models/operations/updateuser.ts
  - src/models/operations/uploadfile.ts
  - src/types/async.ts
  - src/types/blobs.ts
  - src/types/enums.ts
  - src/types/fp.ts
  - src/types/rfcdate.ts
  - src/types/streams.ts
  - tsconfig.json
examplesVersion: 1.0.2
generatedTests: {}
