speakeasyVersion: 1.622.1
sources:
    petstore-oas:
        sourceNamespace: petstore-oas
        sourceRevisionDigest: sha256:c58be3a0759f9af11318478c10c2d8f64ca895d8af99e31987348aca23101cb0
        sourceBlobDigest: sha256:49539d4354e31fe9790e1f22040e70bffe45fb89656d972cefff47b76f28c1d3
        tags:
            - latest
            - speakeasy-sdk-regen-1749094489
            - 1.0.0
targets:
    petstore:
        source: petstore-oas
        sourceNamespace: petstore-oas
        sourceRevisionDigest: sha256:c58be3a0759f9af11318478c10c2d8f64ca895d8af99e31987348aca23101cb0
        sourceBlobDigest: sha256:49539d4354e31fe9790e1f22040e70bffe45fb89656d972cefff47b76f28c1d3
workflow:
    workflowVersion: 1.0.0
    speakeasyVersion: latest
    sources:
        petstore-oas:
            inputs:
                - location: openapi.yaml
            registry:
                location: registry.speakeasyapi.dev/playground-wnq/playground-testing/petstore-oas
    targets:
        petstore:
            target: mcp-typescript
            source: petstore-oas
            publish:
                npm:
                    token: $npm_token
